
Microsoft Visual Studio Solution File, Format Version 12.00
# Visual Studio 14
VisualStudioVersion = 14.0.25123.0
MinimumVisualStudioVersion = 10.0.40219.1
Project("{FAE04EC0-301F-11D3-BF4B-00C04F79EFBC}") = "MacInCloudText", "MacInCloudText\MacInCloudText.csproj", "{FC2AA390-1665-488E-99DC-261B29AA5663}"
EndProject
Global
	GlobalSection(SolutionConfigurationPlatforms) = preSolution
		Ad-Hoc|iPhone = Ad-Hoc|iPhone
		Ad-Hoc|iPhoneSimulator = Ad-Hoc|iPhoneSimulator
		AppStore|iPhone = AppStore|iPhone
		AppStore|iPhoneSimulator = AppStore|iPhoneSimulator
		Debug|iPhone = Debug|iPhone
		Debug|iPhoneSimulator = Debug|iPhoneSimulator
		Release|iPhone = Release|iPhone
		Release|iPhoneSimulator = Release|iPhoneSimulator
	EndGlobalSection
	GlobalSection(ProjectConfigurationPlatforms) = postSolution
		{FC2AA390-1665-488E-99DC-261B29AA5663}.Ad-Hoc|iPhone.ActiveCfg = Ad-Hoc|iPhone
		{FC2AA390-1665-488E-99DC-261B29AA5663}.Ad-Hoc|iPhone.Build.0 = Ad-Hoc|iPhone
		{FC2AA390-1665-488E-99DC-261B29AA5663}.Ad-Hoc|iPhoneSimulator.ActiveCfg = Ad-Hoc|iPhoneSimulator
		{FC2AA390-1665-488E-99DC-261B29AA5663}.Ad-Hoc|iPhoneSimulator.Build.0 = Ad-Hoc|iPhoneSimulator
		{FC2AA390-1665-488E-99DC-261B29AA5663}.AppStore|iPhone.ActiveCfg = AppStore|iPhone
		{FC2AA390-1665-488E-99DC-261B29AA5663}.AppStore|iPhone.Build.0 = AppStore|iPhone
		{FC2AA390-1665-488E-99DC-261B29AA5663}.AppStore|iPhoneSimulator.ActiveCfg = AppStore|iPhoneSimulator
		{FC2AA390-1665-488E-99DC-261B29AA5663}.AppStore|iPhoneSimulator.Build.0 = AppStore|iPhoneSimulator
		{FC2AA390-1665-488E-99DC-261B29AA5663}.Debug|iPhone.ActiveCfg = Debug|iPhone
		{FC2AA390-1665-488E-99DC-261B29AA5663}.Debug|iPhone.Build.0 = Debug|iPhone
		{FC2AA390-1665-488E-99DC-261B29AA5663}.Debug|iPhoneSimulator.ActiveCfg = Debug|iPhoneSimulator
		{FC2AA390-1665-488E-99DC-261B29AA5663}.Debug|iPhoneSimulator.Build.0 = Debug|iPhoneSimulator
		{FC2AA390-1665-488E-99DC-261B29AA5663}.Release|iPhone.ActiveCfg = Release|iPhone
		{FC2AA390-1665-488E-99DC-261B29AA5663}.Release|iPhone.Build.0 = Release|iPhone
		{FC2AA390-1665-488E-99DC-261B29AA5663}.Release|iPhoneSimulator.ActiveCfg = Release|iPhoneSimulator
		{FC2AA390-1665-488E-99DC-261B29AA5663}.Release|iPhoneSimulator.Build.0 = Release|iPhoneSimulator
	EndGlobalSection
	GlobalSection(SolutionProperties) = preSolution
		HideSolutionNode = FALSE
	EndGlobalSection
EndGlobal
