
Microsoft Visual Studio Solution File, Format Version 12.00
# Visual Studio 14
VisualStudioVersion = 14.0.25123.0
MinimumVisualStudioVersion = 10.0.40219.1
Project("{FAE04EC0-301F-11D3-BF4B-00C04F79EFBC}") = "GreatQuotes.iOS", "GreatQuotes.iOS\GreatQuotes.iOS.csproj", "{7EFA6197-44EC-45A7-B1D7-9FDD88969695}"
EndProject
Project("{FAE04EC0-301F-11D3-BF4B-00C04F79EFBC}") = "GreatQuotes.Android", "GreatQuotes.Android\GreatQuotes.Android.csproj", "{86BC25AB-70F0-499B-9CAC-1B415FD00061}"
EndProject
Project("{FAE04EC0-301F-11D3-BF4B-00C04F79EFBC}") = "GreatQuotes.UWP", "GreatQuotes.UWP\GreatQuotes.UWP.csproj", "{7D02E0ED-8243-4375-981B-7D8CF64A77D9}"
EndProject
Project("{FAE04EC0-301F-11D3-BF4B-00C04F79EFBC}") = "GreatQuotes", "GreatQuotes\GreatQuotes.csproj", "{F7917B25-C101-4D3A-BCDD-FBD6A6551212}"
EndProject
Global
	GlobalSection(SolutionConfigurationPlatforms) = preSolution
		Ad-Hoc|Any CPU = Ad-Hoc|Any CPU
		Ad-Hoc|ARM = Ad-Hoc|ARM
		Ad-Hoc|iPhone = Ad-Hoc|iPhone
		Ad-Hoc|iPhoneSimulator = Ad-Hoc|iPhoneSimulator
		Ad-Hoc|x64 = Ad-Hoc|x64
		Ad-Hoc|x86 = Ad-Hoc|x86
		AppStore|Any CPU = AppStore|Any CPU
		AppStore|ARM = AppStore|ARM
		AppStore|iPhone = AppStore|iPhone
		AppStore|iPhoneSimulator = AppStore|iPhoneSimulator
		AppStore|x64 = AppStore|x64
		AppStore|x86 = AppStore|x86
		Debug|Any CPU = Debug|Any CPU
		Debug|ARM = Debug|ARM
		Debug|iPhone = Debug|iPhone
		Debug|iPhoneSimulator = Debug|iPhoneSimulator
		Debug|x64 = Debug|x64
		Debug|x86 = Debug|x86
		Release|Any CPU = Release|Any CPU
		Release|ARM = Release|ARM
		Release|iPhone = Release|iPhone
		Release|iPhoneSimulator = Release|iPhoneSimulator
		Release|x64 = Release|x64
		Release|x86 = Release|x86
	EndGlobalSection
	GlobalSection(ProjectConfigurationPlatforms) = postSolution
		{7EFA6197-44EC-45A7-B1D7-9FDD88969695}.Ad-Hoc|Any CPU.ActiveCfg = Ad-Hoc|iPhone
		{7EFA6197-44EC-45A7-B1D7-9FDD88969695}.Ad-Hoc|ARM.ActiveCfg = Ad-Hoc|iPhoneSimulator
		{7EFA6197-44EC-45A7-B1D7-9FDD88969695}.Ad-Hoc|iPhone.ActiveCfg = Ad-Hoc|iPhone
		{7EFA6197-44EC-45A7-B1D7-9FDD88969695}.Ad-Hoc|iPhone.Build.0 = Ad-Hoc|iPhone
		{7EFA6197-44EC-45A7-B1D7-9FDD88969695}.Ad-Hoc|iPhoneSimulator.ActiveCfg = Ad-Hoc|iPhoneSimulator
		{7EFA6197-44EC-45A7-B1D7-9FDD88969695}.Ad-Hoc|iPhoneSimulator.Build.0 = Ad-Hoc|iPhoneSimulator
		{7EFA6197-44EC-45A7-B1D7-9FDD88969695}.Ad-Hoc|x64.ActiveCfg = Ad-Hoc|iPhoneSimulator
		{7EFA6197-44EC-45A7-B1D7-9FDD88969695}.Ad-Hoc|x86.ActiveCfg = Ad-Hoc|iPhoneSimulator
		{7EFA6197-44EC-45A7-B1D7-9FDD88969695}.AppStore|Any CPU.ActiveCfg = AppStore|iPhone
		{7EFA6197-44EC-45A7-B1D7-9FDD88969695}.AppStore|ARM.ActiveCfg = AppStore|iPhoneSimulator
		{7EFA6197-44EC-45A7-B1D7-9FDD88969695}.AppStore|iPhone.ActiveCfg = AppStore|iPhone
		{7EFA6197-44EC-45A7-B1D7-9FDD88969695}.AppStore|iPhone.Build.0 = AppStore|iPhone
		{7EFA6197-44EC-45A7-B1D7-9FDD88969695}.AppStore|iPhoneSimulator.ActiveCfg = AppStore|iPhoneSimulator
		{7EFA6197-44EC-45A7-B1D7-9FDD88969695}.AppStore|iPhoneSimulator.Build.0 = AppStore|iPhoneSimulator
		{7EFA6197-44EC-45A7-B1D7-9FDD88969695}.AppStore|x64.ActiveCfg = AppStore|iPhoneSimulator
		{7EFA6197-44EC-45A7-B1D7-9FDD88969695}.AppStore|x86.ActiveCfg = AppStore|iPhoneSimulator
		{7EFA6197-44EC-45A7-B1D7-9FDD88969695}.Debug|Any CPU.ActiveCfg = Debug|iPhone
		{7EFA6197-44EC-45A7-B1D7-9FDD88969695}.Debug|ARM.ActiveCfg = Debug|iPhoneSimulator
		{7EFA6197-44EC-45A7-B1D7-9FDD88969695}.Debug|iPhone.ActiveCfg = Debug|iPhone
		{7EFA6197-44EC-45A7-B1D7-9FDD88969695}.Debug|iPhone.Build.0 = Debug|iPhone
		{7EFA6197-44EC-45A7-B1D7-9FDD88969695}.Debug|iPhoneSimulator.ActiveCfg = Debug|iPhoneSimulator
		{7EFA6197-44EC-45A7-B1D7-9FDD88969695}.Debug|iPhoneSimulator.Build.0 = Debug|iPhoneSimulator
		{7EFA6197-44EC-45A7-B1D7-9FDD88969695}.Debug|x64.ActiveCfg = Debug|iPhoneSimulator
		{7EFA6197-44EC-45A7-B1D7-9FDD88969695}.Debug|x86.ActiveCfg = Debug|iPhoneSimulator
		{7EFA6197-44EC-45A7-B1D7-9FDD88969695}.Release|Any CPU.ActiveCfg = Release|iPhone
		{7EFA6197-44EC-45A7-B1D7-9FDD88969695}.Release|ARM.ActiveCfg = Release|iPhoneSimulator
		{7EFA6197-44EC-45A7-B1D7-9FDD88969695}.Release|iPhone.ActiveCfg = Release|iPhone
		{7EFA6197-44EC-45A7-B1D7-9FDD88969695}.Release|iPhone.Build.0 = Release|iPhone
		{7EFA6197-44EC-45A7-B1D7-9FDD88969695}.Release|iPhoneSimulator.ActiveCfg = Release|iPhoneSimulator
		{7EFA6197-44EC-45A7-B1D7-9FDD88969695}.Release|iPhoneSimulator.Build.0 = Release|iPhoneSimulator
		{7EFA6197-44EC-45A7-B1D7-9FDD88969695}.Release|x64.ActiveCfg = Release|iPhoneSimulator
		{7EFA6197-44EC-45A7-B1D7-9FDD88969695}.Release|x86.ActiveCfg = Release|iPhoneSimulator
		{86BC25AB-70F0-499B-9CAC-1B415FD00061}.Ad-Hoc|Any CPU.ActiveCfg = Release|Any CPU
		{86BC25AB-70F0-499B-9CAC-1B415FD00061}.Ad-Hoc|Any CPU.Build.0 = Release|Any CPU
		{86BC25AB-70F0-499B-9CAC-1B415FD00061}.Ad-Hoc|Any CPU.Deploy.0 = Release|Any CPU
		{86BC25AB-70F0-499B-9CAC-1B415FD00061}.Ad-Hoc|ARM.ActiveCfg = Debug|Any CPU
		{86BC25AB-70F0-499B-9CAC-1B415FD00061}.Ad-Hoc|ARM.Build.0 = Debug|Any CPU
		{86BC25AB-70F0-499B-9CAC-1B415FD00061}.Ad-Hoc|ARM.Deploy.0 = Debug|Any CPU
		{86BC25AB-70F0-499B-9CAC-1B415FD00061}.Ad-Hoc|iPhone.ActiveCfg = Release|Any CPU
		{86BC25AB-70F0-499B-9CAC-1B415FD00061}.Ad-Hoc|iPhone.Build.0 = Release|Any CPU
		{86BC25AB-70F0-499B-9CAC-1B415FD00061}.Ad-Hoc|iPhoneSimulator.ActiveCfg = Debug|Any CPU
		{86BC25AB-70F0-499B-9CAC-1B415FD00061}.Ad-Hoc|iPhoneSimulator.Build.0 = Debug|Any CPU
		{86BC25AB-70F0-499B-9CAC-1B415FD00061}.Ad-Hoc|iPhoneSimulator.Deploy.0 = Debug|Any CPU
		{86BC25AB-70F0-499B-9CAC-1B415FD00061}.Ad-Hoc|x64.ActiveCfg = Debug|Any CPU
		{86BC25AB-70F0-499B-9CAC-1B415FD00061}.Ad-Hoc|x64.Build.0 = Debug|Any CPU
		{86BC25AB-70F0-499B-9CAC-1B415FD00061}.Ad-Hoc|x64.Deploy.0 = Debug|Any CPU
		{86BC25AB-70F0-499B-9CAC-1B415FD00061}.Ad-Hoc|x86.ActiveCfg = Debug|Any CPU
		{86BC25AB-70F0-499B-9CAC-1B415FD00061}.Ad-Hoc|x86.Build.0 = Debug|Any CPU
		{86BC25AB-70F0-499B-9CAC-1B415FD00061}.Ad-Hoc|x86.Deploy.0 = Debug|Any CPU
		{86BC25AB-70F0-499B-9CAC-1B415FD00061}.AppStore|Any CPU.ActiveCfg = Release|Any CPU
		{86BC25AB-70F0-499B-9CAC-1B415FD00061}.AppStore|Any CPU.Build.0 = Release|Any CPU
		{86BC25AB-70F0-499B-9CAC-1B415FD00061}.AppStore|Any CPU.Deploy.0 = Release|Any CPU
		{86BC25AB-70F0-499B-9CAC-1B415FD00061}.AppStore|ARM.ActiveCfg = Debug|Any CPU
		{86BC25AB-70F0-499B-9CAC-1B415FD00061}.AppStore|ARM.Build.0 = Debug|Any CPU
		{86BC25AB-70F0-499B-9CAC-1B415FD00061}.AppStore|ARM.Deploy.0 = Debug|Any CPU
		{86BC25AB-70F0-499B-9CAC-1B415FD00061}.AppStore|iPhone.ActiveCfg = Release|Any CPU
		{86BC25AB-70F0-499B-9CAC-1B415FD00061}.AppStore|iPhone.Build.0 = Release|Any CPU
		{86BC25AB-70F0-499B-9CAC-1B415FD00061}.AppStore|iPhoneSimulator.ActiveCfg = Debug|Any CPU
		{86BC25AB-70F0-499B-9CAC-1B415FD00061}.AppStore|iPhoneSimulator.Build.0 = Debug|Any CPU
		{86BC25AB-70F0-499B-9CAC-1B415FD00061}.AppStore|iPhoneSimulator.Deploy.0 = Debug|Any CPU
		{86BC25AB-70F0-499B-9CAC-1B415FD00061}.AppStore|x64.ActiveCfg = Debug|Any CPU
		{86BC25AB-70F0-499B-9CAC-1B415FD00061}.AppStore|x64.Build.0 = Debug|Any CPU
		{86BC25AB-70F0-499B-9CAC-1B415FD00061}.AppStore|x64.Deploy.0 = Debug|Any CPU
		{86BC25AB-70F0-499B-9CAC-1B415FD00061}.AppStore|x86.ActiveCfg = Debug|Any CPU
		{86BC25AB-70F0-499B-9CAC-1B415FD00061}.AppStore|x86.Build.0 = Debug|Any CPU
		{86BC25AB-70F0-499B-9CAC-1B415FD00061}.AppStore|x86.Deploy.0 = Debug|Any CPU
		{86BC25AB-70F0-499B-9CAC-1B415FD00061}.Debug|Any CPU.ActiveCfg = Debug|Any CPU
		{86BC25AB-70F0-499B-9CAC-1B415FD00061}.Debug|Any CPU.Build.0 = Debug|Any CPU
		{86BC25AB-70F0-499B-9CAC-1B415FD00061}.Debug|Any CPU.Deploy.0 = Debug|Any CPU
		{86BC25AB-70F0-499B-9CAC-1B415FD00061}.Debug|ARM.ActiveCfg = Debug|Any CPU
		{86BC25AB-70F0-499B-9CAC-1B415FD00061}.Debug|ARM.Build.0 = Debug|Any CPU
		{86BC25AB-70F0-499B-9CAC-1B415FD00061}.Debug|ARM.Deploy.0 = Debug|Any CPU
		{86BC25AB-70F0-499B-9CAC-1B415FD00061}.Debug|iPhone.ActiveCfg = Debug|Any CPU
		{86BC25AB-70F0-499B-9CAC-1B415FD00061}.Debug|iPhone.Build.0 = Debug|Any CPU
		{86BC25AB-70F0-499B-9CAC-1B415FD00061}.Debug|iPhoneSimulator.ActiveCfg = Debug|Any CPU
		{86BC25AB-70F0-499B-9CAC-1B415FD00061}.Debug|iPhoneSimulator.Build.0 = Debug|Any CPU
		{86BC25AB-70F0-499B-9CAC-1B415FD00061}.Debug|iPhoneSimulator.Deploy.0 = Debug|Any CPU
		{86BC25AB-70F0-499B-9CAC-1B415FD00061}.Debug|x64.ActiveCfg = Debug|Any CPU
		{86BC25AB-70F0-499B-9CAC-1B415FD00061}.Debug|x64.Build.0 = Debug|Any CPU
		{86BC25AB-70F0-499B-9CAC-1B415FD00061}.Debug|x64.Deploy.0 = Debug|Any CPU
		{86BC25AB-70F0-499B-9CAC-1B415FD00061}.Debug|x86.ActiveCfg = Debug|Any CPU
		{86BC25AB-70F0-499B-9CAC-1B415FD00061}.Debug|x86.Build.0 = Debug|Any CPU
		{86BC25AB-70F0-499B-9CAC-1B415FD00061}.Debug|x86.Deploy.0 = Debug|Any CPU
		{86BC25AB-70F0-499B-9CAC-1B415FD00061}.Release|Any CPU.ActiveCfg = Release|Any CPU
		{86BC25AB-70F0-499B-9CAC-1B415FD00061}.Release|Any CPU.Build.0 = Release|Any CPU
		{86BC25AB-70F0-499B-9CAC-1B415FD00061}.Release|Any CPU.Deploy.0 = Release|Any CPU
		{86BC25AB-70F0-499B-9CAC-1B415FD00061}.Release|ARM.ActiveCfg = Release|Any CPU
		{86BC25AB-70F0-499B-9CAC-1B415FD00061}.Release|ARM.Build.0 = Release|Any CPU
		{86BC25AB-70F0-499B-9CAC-1B415FD00061}.Release|ARM.Deploy.0 = Release|Any CPU
		{86BC25AB-70F0-499B-9CAC-1B415FD00061}.Release|iPhone.ActiveCfg = Release|Any CPU
		{86BC25AB-70F0-499B-9CAC-1B415FD00061}.Release|iPhone.Build.0 = Release|Any CPU
		{86BC25AB-70F0-499B-9CAC-1B415FD00061}.Release|iPhoneSimulator.ActiveCfg = Release|Any CPU
		{86BC25AB-70F0-499B-9CAC-1B415FD00061}.Release|iPhoneSimulator.Build.0 = Release|Any CPU
		{86BC25AB-70F0-499B-9CAC-1B415FD00061}.Release|x64.ActiveCfg = Release|Any CPU
		{86BC25AB-70F0-499B-9CAC-1B415FD00061}.Release|x64.Build.0 = Release|Any CPU
		{86BC25AB-70F0-499B-9CAC-1B415FD00061}.Release|x64.Deploy.0 = Release|Any CPU
		{86BC25AB-70F0-499B-9CAC-1B415FD00061}.Release|x86.ActiveCfg = Release|Any CPU
		{86BC25AB-70F0-499B-9CAC-1B415FD00061}.Release|x86.Build.0 = Release|Any CPU
		{86BC25AB-70F0-499B-9CAC-1B415FD00061}.Release|x86.Deploy.0 = Release|Any CPU
		{7D02E0ED-8243-4375-981B-7D8CF64A77D9}.Ad-Hoc|Any CPU.ActiveCfg = Debug|x64
		{7D02E0ED-8243-4375-981B-7D8CF64A77D9}.Ad-Hoc|Any CPU.Build.0 = Debug|x64
		{7D02E0ED-8243-4375-981B-7D8CF64A77D9}.Ad-Hoc|Any CPU.Deploy.0 = Debug|x64
		{7D02E0ED-8243-4375-981B-7D8CF64A77D9}.Ad-Hoc|ARM.ActiveCfg = Release|ARM
		{7D02E0ED-8243-4375-981B-7D8CF64A77D9}.Ad-Hoc|ARM.Build.0 = Release|ARM
		{7D02E0ED-8243-4375-981B-7D8CF64A77D9}.Ad-Hoc|ARM.Deploy.0 = Release|ARM
		{7D02E0ED-8243-4375-981B-7D8CF64A77D9}.Ad-Hoc|iPhone.ActiveCfg = Release|x64
		{7D02E0ED-8243-4375-981B-7D8CF64A77D9}.Ad-Hoc|iPhone.Build.0 = Release|x64
		{7D02E0ED-8243-4375-981B-7D8CF64A77D9}.Ad-Hoc|iPhone.Deploy.0 = Release|x64
		{7D02E0ED-8243-4375-981B-7D8CF64A77D9}.Ad-Hoc|iPhoneSimulator.ActiveCfg = Release|x64
		{7D02E0ED-8243-4375-981B-7D8CF64A77D9}.Ad-Hoc|iPhoneSimulator.Build.0 = Release|x64
		{7D02E0ED-8243-4375-981B-7D8CF64A77D9}.Ad-Hoc|iPhoneSimulator.Deploy.0 = Release|x64
		{7D02E0ED-8243-4375-981B-7D8CF64A77D9}.Ad-Hoc|x64.ActiveCfg = Release|x64
		{7D02E0ED-8243-4375-981B-7D8CF64A77D9}.Ad-Hoc|x64.Build.0 = Release|x64
		{7D02E0ED-8243-4375-981B-7D8CF64A77D9}.Ad-Hoc|x64.Deploy.0 = Release|x64
		{7D02E0ED-8243-4375-981B-7D8CF64A77D9}.Ad-Hoc|x86.ActiveCfg = Release|x86
		{7D02E0ED-8243-4375-981B-7D8CF64A77D9}.Ad-Hoc|x86.Build.0 = Release|x86
		{7D02E0ED-8243-4375-981B-7D8CF64A77D9}.Ad-Hoc|x86.Deploy.0 = Release|x86
		{7D02E0ED-8243-4375-981B-7D8CF64A77D9}.AppStore|Any CPU.ActiveCfg = Debug|x64
		{7D02E0ED-8243-4375-981B-7D8CF64A77D9}.AppStore|Any CPU.Build.0 = Debug|x64
		{7D02E0ED-8243-4375-981B-7D8CF64A77D9}.AppStore|Any CPU.Deploy.0 = Debug|x64
		{7D02E0ED-8243-4375-981B-7D8CF64A77D9}.AppStore|ARM.ActiveCfg = Release|ARM
		{7D02E0ED-8243-4375-981B-7D8CF64A77D9}.AppStore|ARM.Build.0 = Release|ARM
		{7D02E0ED-8243-4375-981B-7D8CF64A77D9}.AppStore|ARM.Deploy.0 = Release|ARM
		{7D02E0ED-8243-4375-981B-7D8CF64A77D9}.AppStore|iPhone.ActiveCfg = Release|x64
		{7D02E0ED-8243-4375-981B-7D8CF64A77D9}.AppStore|iPhone.Build.0 = Release|x64
		{7D02E0ED-8243-4375-981B-7D8CF64A77D9}.AppStore|iPhone.Deploy.0 = Release|x64
		{7D02E0ED-8243-4375-981B-7D8CF64A77D9}.AppStore|iPhoneSimulator.ActiveCfg = Release|x64
		{7D02E0ED-8243-4375-981B-7D8CF64A77D9}.AppStore|iPhoneSimulator.Build.0 = Release|x64
		{7D02E0ED-8243-4375-981B-7D8CF64A77D9}.AppStore|iPhoneSimulator.Deploy.0 = Release|x64
		{7D02E0ED-8243-4375-981B-7D8CF64A77D9}.AppStore|x64.ActiveCfg = Release|x64
		{7D02E0ED-8243-4375-981B-7D8CF64A77D9}.AppStore|x64.Build.0 = Release|x64
		{7D02E0ED-8243-4375-981B-7D8CF64A77D9}.AppStore|x64.Deploy.0 = Release|x64
		{7D02E0ED-8243-4375-981B-7D8CF64A77D9}.AppStore|x86.ActiveCfg = Release|x86
		{7D02E0ED-8243-4375-981B-7D8CF64A77D9}.AppStore|x86.Build.0 = Release|x86
		{7D02E0ED-8243-4375-981B-7D8CF64A77D9}.AppStore|x86.Deploy.0 = Release|x86
		{7D02E0ED-8243-4375-981B-7D8CF64A77D9}.Debug|Any CPU.ActiveCfg = Debug|x86
		{7D02E0ED-8243-4375-981B-7D8CF64A77D9}.Debug|ARM.ActiveCfg = Debug|ARM
		{7D02E0ED-8243-4375-981B-7D8CF64A77D9}.Debug|ARM.Build.0 = Debug|ARM
		{7D02E0ED-8243-4375-981B-7D8CF64A77D9}.Debug|ARM.Deploy.0 = Debug|ARM
		{7D02E0ED-8243-4375-981B-7D8CF64A77D9}.Debug|iPhone.ActiveCfg = Debug|x86
		{7D02E0ED-8243-4375-981B-7D8CF64A77D9}.Debug|iPhone.Build.0 = Debug|x86
		{7D02E0ED-8243-4375-981B-7D8CF64A77D9}.Debug|iPhoneSimulator.ActiveCfg = Debug|x86
		{7D02E0ED-8243-4375-981B-7D8CF64A77D9}.Debug|iPhoneSimulator.Build.0 = Debug|x86
		{7D02E0ED-8243-4375-981B-7D8CF64A77D9}.Debug|x64.ActiveCfg = Debug|x64
		{7D02E0ED-8243-4375-981B-7D8CF64A77D9}.Debug|x64.Build.0 = Debug|x64
		{7D02E0ED-8243-4375-981B-7D8CF64A77D9}.Debug|x64.Deploy.0 = Debug|x64
		{7D02E0ED-8243-4375-981B-7D8CF64A77D9}.Debug|x86.ActiveCfg = Debug|x86
		{7D02E0ED-8243-4375-981B-7D8CF64A77D9}.Debug|x86.Build.0 = Debug|x86
		{7D02E0ED-8243-4375-981B-7D8CF64A77D9}.Debug|x86.Deploy.0 = Debug|x86
		{7D02E0ED-8243-4375-981B-7D8CF64A77D9}.Release|Any CPU.ActiveCfg = Release|x86
		{7D02E0ED-8243-4375-981B-7D8CF64A77D9}.Release|ARM.ActiveCfg = Release|ARM
		{7D02E0ED-8243-4375-981B-7D8CF64A77D9}.Release|ARM.Build.0 = Release|ARM
		{7D02E0ED-8243-4375-981B-7D8CF64A77D9}.Release|ARM.Deploy.0 = Release|ARM
		{7D02E0ED-8243-4375-981B-7D8CF64A77D9}.Release|iPhone.ActiveCfg = Release|x86
		{7D02E0ED-8243-4375-981B-7D8CF64A77D9}.Release|iPhone.Build.0 = Release|x86
		{7D02E0ED-8243-4375-981B-7D8CF64A77D9}.Release|iPhoneSimulator.ActiveCfg = Release|x86
		{7D02E0ED-8243-4375-981B-7D8CF64A77D9}.Release|iPhoneSimulator.Build.0 = Release|x86
		{7D02E0ED-8243-4375-981B-7D8CF64A77D9}.Release|x64.ActiveCfg = Release|x64
		{7D02E0ED-8243-4375-981B-7D8CF64A77D9}.Release|x64.Build.0 = Release|x64
		{7D02E0ED-8243-4375-981B-7D8CF64A77D9}.Release|x64.Deploy.0 = Release|x64
		{7D02E0ED-8243-4375-981B-7D8CF64A77D9}.Release|x86.ActiveCfg = Release|x86
		{7D02E0ED-8243-4375-981B-7D8CF64A77D9}.Release|x86.Build.0 = Release|x86
		{7D02E0ED-8243-4375-981B-7D8CF64A77D9}.Release|x86.Deploy.0 = Release|x86
		{F7917B25-C101-4D3A-BCDD-FBD6A6551212}.Ad-Hoc|Any CPU.ActiveCfg = Release|Any CPU
		{F7917B25-C101-4D3A-BCDD-FBD6A6551212}.Ad-Hoc|Any CPU.Build.0 = Release|Any CPU
		{F7917B25-C101-4D3A-BCDD-FBD6A6551212}.Ad-Hoc|ARM.ActiveCfg = Release|Any CPU
		{F7917B25-C101-4D3A-BCDD-FBD6A6551212}.Ad-Hoc|ARM.Build.0 = Release|Any CPU
		{F7917B25-C101-4D3A-BCDD-FBD6A6551212}.Ad-Hoc|iPhone.ActiveCfg = Release|Any CPU
		{F7917B25-C101-4D3A-BCDD-FBD6A6551212}.Ad-Hoc|iPhone.Build.0 = Release|Any CPU
		{F7917B25-C101-4D3A-BCDD-FBD6A6551212}.Ad-Hoc|iPhoneSimulator.ActiveCfg = Release|Any CPU
		{F7917B25-C101-4D3A-BCDD-FBD6A6551212}.Ad-Hoc|iPhoneSimulator.Build.0 = Release|Any CPU
		{F7917B25-C101-4D3A-BCDD-FBD6A6551212}.Ad-Hoc|x64.ActiveCfg = Release|Any CPU
		{F7917B25-C101-4D3A-BCDD-FBD6A6551212}.Ad-Hoc|x64.Build.0 = Release|Any CPU
		{F7917B25-C101-4D3A-BCDD-FBD6A6551212}.Ad-Hoc|x86.ActiveCfg = Release|Any CPU
		{F7917B25-C101-4D3A-BCDD-FBD6A6551212}.Ad-Hoc|x86.Build.0 = Release|Any CPU
		{F7917B25-C101-4D3A-BCDD-FBD6A6551212}.AppStore|Any CPU.ActiveCfg = Release|Any CPU
		{F7917B25-C101-4D3A-BCDD-FBD6A6551212}.AppStore|Any CPU.Build.0 = Release|Any CPU
		{F7917B25-C101-4D3A-BCDD-FBD6A6551212}.AppStore|ARM.ActiveCfg = Release|Any CPU
		{F7917B25-C101-4D3A-BCDD-FBD6A6551212}.AppStore|ARM.Build.0 = Release|Any CPU
		{F7917B25-C101-4D3A-BCDD-FBD6A6551212}.AppStore|iPhone.ActiveCfg = Release|Any CPU
		{F7917B25-C101-4D3A-BCDD-FBD6A6551212}.AppStore|iPhone.Build.0 = Release|Any CPU
		{F7917B25-C101-4D3A-BCDD-FBD6A6551212}.AppStore|iPhoneSimulator.ActiveCfg = Release|Any CPU
		{F7917B25-C101-4D3A-BCDD-FBD6A6551212}.AppStore|iPhoneSimulator.Build.0 = Release|Any CPU
		{F7917B25-C101-4D3A-BCDD-FBD6A6551212}.AppStore|x64.ActiveCfg = Release|Any CPU
		{F7917B25-C101-4D3A-BCDD-FBD6A6551212}.AppStore|x64.Build.0 = Release|Any CPU
		{F7917B25-C101-4D3A-BCDD-FBD6A6551212}.AppStore|x86.ActiveCfg = Release|Any CPU
		{F7917B25-C101-4D3A-BCDD-FBD6A6551212}.AppStore|x86.Build.0 = Release|Any CPU
		{F7917B25-C101-4D3A-BCDD-FBD6A6551212}.Debug|Any CPU.ActiveCfg = Debug|Any CPU
		{F7917B25-C101-4D3A-BCDD-FBD6A6551212}.Debug|Any CPU.Build.0 = Debug|Any CPU
		{F7917B25-C101-4D3A-BCDD-FBD6A6551212}.Debug|ARM.ActiveCfg = Debug|Any CPU
		{F7917B25-C101-4D3A-BCDD-FBD6A6551212}.Debug|ARM.Build.0 = Debug|Any CPU
		{F7917B25-C101-4D3A-BCDD-FBD6A6551212}.Debug|iPhone.ActiveCfg = Debug|Any CPU
		{F7917B25-C101-4D3A-BCDD-FBD6A6551212}.Debug|iPhone.Build.0 = Debug|Any CPU
		{F7917B25-C101-4D3A-BCDD-FBD6A6551212}.Debug|iPhoneSimulator.ActiveCfg = Debug|Any CPU
		{F7917B25-C101-4D3A-BCDD-FBD6A6551212}.Debug|iPhoneSimulator.Build.0 = Debug|Any CPU
		{F7917B25-C101-4D3A-BCDD-FBD6A6551212}.Debug|x64.ActiveCfg = Debug|Any CPU
		{F7917B25-C101-4D3A-BCDD-FBD6A6551212}.Debug|x64.Build.0 = Debug|Any CPU
		{F7917B25-C101-4D3A-BCDD-FBD6A6551212}.Debug|x86.ActiveCfg = Debug|Any CPU
		{F7917B25-C101-4D3A-BCDD-FBD6A6551212}.Debug|x86.Build.0 = Debug|Any CPU
		{F7917B25-C101-4D3A-BCDD-FBD6A6551212}.Release|Any CPU.ActiveCfg = Release|Any CPU
		{F7917B25-C101-4D3A-BCDD-FBD6A6551212}.Release|Any CPU.Build.0 = Release|Any CPU
		{F7917B25-C101-4D3A-BCDD-FBD6A6551212}.Release|ARM.ActiveCfg = Release|Any CPU
		{F7917B25-C101-4D3A-BCDD-FBD6A6551212}.Release|ARM.Build.0 = Release|Any CPU
		{F7917B25-C101-4D3A-BCDD-FBD6A6551212}.Release|iPhone.ActiveCfg = Release|Any CPU
		{F7917B25-C101-4D3A-BCDD-FBD6A6551212}.Release|iPhone.Build.0 = Release|Any CPU
		{F7917B25-C101-4D3A-BCDD-FBD6A6551212}.Release|iPhoneSimulator.ActiveCfg = Release|Any CPU
		{F7917B25-C101-4D3A-BCDD-FBD6A6551212}.Release|iPhoneSimulator.Build.0 = Release|Any CPU
		{F7917B25-C101-4D3A-BCDD-FBD6A6551212}.Release|x64.ActiveCfg = Release|Any CPU
		{F7917B25-C101-4D3A-BCDD-FBD6A6551212}.Release|x64.Build.0 = Release|Any CPU
		{F7917B25-C101-4D3A-BCDD-FBD6A6551212}.Release|x86.ActiveCfg = Release|Any CPU
		{F7917B25-C101-4D3A-BCDD-FBD6A6551212}.Release|x86.Build.0 = Release|Any CPU
	EndGlobalSection
	GlobalSection(SolutionProperties) = preSolution
		HideSolutionNode = FALSE
	EndGlobalSection
EndGlobal
