
Microsoft Visual Studio Solution File, Format Version 12.00
# Visual Studio 14
VisualStudioVersion = 14.0.25123.0
MinimumVisualStudioVersion = 10.0.40219.1
Project("{FAE04EC0-301F-11D3-BF4B-00C04F79EFBC}") = "CR_DeckAnalysis", "CR_DeckAnalysis\CR_DeckAnalysis.csproj", "{BC36A253-2BB6-4BB6-9578-1642667878C8}"
EndProject
Global
	GlobalSection(SolutionConfigurationPlatforms) = preSolution
		Debug|Any CPU = Debug|Any CPU
		Release|Any CPU = Release|Any CPU
	EndGlobalSection
	GlobalSection(ProjectConfigurationPlatforms) = postSolution
		{BC36A253-2BB6-4BB6-9578-1642667878C8}.Debug|Any CPU.ActiveCfg = Debug|Any CPU
		{BC36A253-2BB6-4BB6-9578-1642667878C8}.Debug|Any CPU.Build.0 = Debug|Any CPU
		{BC36A253-2BB6-4BB6-9578-1642667878C8}.Release|Any CPU.ActiveCfg = Release|Any CPU
		{BC36A253-2BB6-4BB6-9578-1642667878C8}.Release|Any CPU.Build.0 = Release|Any CPU
	EndGlobalSection
	GlobalSection(SolutionProperties) = preSolution
		HideSolutionNode = FALSE
	EndGlobalSection
EndGlobal
